
Microsoft Visual Studio Solution File, Format Version 12.00
# Visual Studio Version 17
VisualStudioVersion = 17.11.35222.181
MinimumVisualStudioVersion = 10.0.40219.1
Project("{FAE04EC0-301F-11D3-BF4B-00C04F79EFBC}") = "Parcial_3", "Parcial_3\Parcial_3.csproj", "{F2B73046-CDE4-47D8-A013-D99E2316D895}"
EndProject
Global
	GlobalSection(SolutionConfigurationPlatforms) = preSolution
		Debug|Any CPU = Debug|Any CPU
		Release|Any CPU = Release|Any CPU
	EndGlobalSection
	GlobalSection(ProjectConfigurationPlatforms) = postSolution
		{F2B73046-CDE4-47D8-A013-D99E2316D895}.Debug|Any CPU.ActiveCfg = Debug|Any CPU
		{F2B73046-CDE4-47D8-A013-D99E2316D895}.Debug|Any CPU.Build.0 = Debug|Any CPU
		{F2B73046-CDE4-47D8-A013-D99E2316D895}.Release|Any CPU.ActiveCfg = Release|Any CPU
		{F2B73046-CDE4-47D8-A013-D99E2316D895}.Release|Any CPU.Build.0 = Release|Any CPU
	EndGlobalSection
	GlobalSection(SolutionProperties) = preSolution
		HideSolutionNode = FALSE
	EndGlobalSection
	GlobalSection(ExtensibilityGlobals) = postSolution
		SolutionGuid = {A75EC109-F78D-4CD4-9EF8-D218FD2E34DE}
	EndGlobalSection
EndGlobal
